{
  "name": "ToddRuehmer",
  "lockfileVersion": 3,
  "requires": true,
  "packages": {
    "": {
      "devDependencies": {
        "ts-shader-loader": "^2.0.2"
      }
    },
    "node_modules/loader-utils": {
      "version": "3.3.1",
      "resolved": "https://registry.npmjs.org/loader-utils/-/loader-utils-3.3.1.tgz",
      "integrity": "sha512-FMJTLMXfCLMLfJxcX9PFqX5qD88Z5MRGaZCVzfuqeZSPsyiBzs+pahDQjbIWz2QIzPZz0NX9Zy4FX3lmK6YHIg==",
      "dev": true,
      "engines": {
        "node": ">= 12.13.0"
      }
    },
    "node_modules/ts-shader-loader": {
      "version": "2.0.2",
      "resolved": "https://registry.npmjs.org/ts-shader-loader/-/ts-shader-loader-2.0.2.tgz",
      "integrity": "sha512-PMdxdDQoS9D3O+UZ4y8Ul4AwXjTdvBiZHOLRnjkUbgNJyA1p0c4U2YXggqIGw7apCyoBP80QJz2Y+YcZMFHoVg==",
      "dev": true,
      "dependencies": {
        "loader-utils": "^3.2.0"
      }
    }
  }
}
